
Microsoft Visual Studio Solution File, Format Version 12.00
Project("{FAE04EC0-301F-11D3-BF4B-00C04F79EFBC}") = "HotelListing", "HotelListing.csproj", "{D03F176D-3591-4AE8-8718-11CC07DD6FC1}"
EndProject
Global
	GlobalSection(SolutionConfigurationPlatforms) = preSolution
		Debug|Any CPU = Debug|Any CPU
		Release|Any CPU = Release|Any CPU
	EndGlobalSection
	GlobalSection(ProjectConfigurationPlatforms) = postSolution
		{D03F176D-3591-4AE8-8718-11CC07DD6FC1}.Debug|Any CPU.ActiveCfg = Debug|Any CPU
		{D03F176D-3591-4AE8-8718-11CC07DD6FC1}.Debug|Any CPU.Build.0 = Debug|Any CPU
		{D03F176D-3591-4AE8-8718-11CC07DD6FC1}.Release|Any CPU.ActiveCfg = Release|Any CPU
		{D03F176D-3591-4AE8-8718-11CC07DD6FC1}.Release|Any CPU.Build.0 = Release|Any CPU
	EndGlobalSection
EndGlobal
